// !$*UTF8*$!
{
	archiveVersion = 1;
	classes = {
	};
	objectVersion = 46;
	objects = {

/* Begin PBXBuildFile section */
		AE1266C01D5525E800819E90 /* AppDelegate.swift in Sources */ = {isa = PBXBuildFile; fileRef = AE1266BF1D5525E800819E90 /* AppDelegate.swift */; };
		AE1266C21D5525E800819E90 /* ViewController.swift in Sources */ = {isa = PBXBuildFile; fileRef = AE1266C11D5525E800819E90 /* ViewController.swift */; };
		AE1266C71D5525E800819E90 /* Assets.xcassets in Resources */ = {isa = PBXBuildFile; fileRef = AE1266C61D5525E800819E90 /* Assets.xcassets */; };
		AE1266CA1D5525E800819E90 /* LaunchScreen.storyboard in Resources */ = {isa = PBXBuildFile; fileRef = AE1266C81D5525E800819E90 /* LaunchScreen.storyboard */; };
		AE1266D21D55288B00819E90 /* LoginController.swift in Sources */ = {isa = PBXBuildFile; fileRef = AE1266D11D55288B00819E90 /* LoginController.swift */; };
/* End PBXBuildFile section */

/* Begin PBXFileReference section */
		AE1266BC1D5525E800819E90 /* FireBaseChatApp.app */ = {isa = PBXFileReference; explicitFileType = wrapper.application; includeInIndex = 0; path = FireBaseChatApp.app; sourceTree = BUILT_PRODUCTS_DIR; };
		AE1266BF1D5525E800819E90 /* AppDelegate.swift */ = {isa = PBXFileReference; lastKnownFileType = sourcecode.swift; path = AppDelegate.swift; sourceTree = "<group>"; };
		AE1266C11D5525E800819E90 /* ViewController.swift */ = {isa = PBXFileReference; lastKnownFileType = sourcecode.swift; path = ViewController.swift; sourceTree = "<group>"; };
		AE1266C61D5525E800819E90 /* Assets.xcassets */ = {isa = PBXFileReference; lastKnownFileType = folder.assetcatalog; path = Assets.xcassets; sourceTree = "<group>"; };
		AE1266C91D5525E800819E90 /* Base */ = {isa = PBXFileReference; lastKnownFileType = file.storyboard; name = Base; path = Base.lproj/LaunchScreen.storyboard; sourceTree = "<group>"; };
		AE1266CB1D5525E800819E90 /* Info.plist */ = {isa = PBXFileReference; lastKnownFileType = text.plist.xml; path = Info.plist; sourceTree = "<group>"; };
		AE1266D11D55288B00819E90 /* LoginController.swift */ = {isa = PBXFileReference; fileEncoding = 4; lastKnownFileType = sourcecode.swift; path = LoginController.swift; sourceTree = "<group>"; };
/* End PBXFileReference section */

/* Begin PBXFrameworksBuildPhase section */
		AE1266B91D5525E800819E90 /* Frameworks */ = {
			isa = PBXFrameworksBuildPhase;
			buildActionMask = 2147483647;
			files = (
			);
			runOnlyForDeploymentPostprocessing = 0;
		};
/* End PBXFrameworksBuildPhase section */

/* Begin PBXGroup section */
		AE1266B31D5525E800819E90 = {
			isa = PBXGroup;
			children = (
				AE1266BE1D5525E800819E90 /* FireBaseChatApp */,
				AE1266BD1D5525E800819E90 /* Products */,
			);
			sourceTree = "<group>";
		};
		AE1266BD1D5525E800819E90 /* Products */ = {
			isa = PBXGroup;
			children = (
				AE1266BC1D5525E800819E90 /* FireBaseChatApp.app */,
			);
			name = Products;
			sourceTree = "<group>";
		};
		AE1266BE1D5525E800819E90 /* FireBaseChatApp */ = {
			isa = PBXGroup;
			children = (
				AE1266BF1D5525E800819E90 /* AppDelegate.swift */,
				AE1266C11D5525E800819E90 /* ViewController.swift */,
				AE1266C61D5525E800819E90 /* Assets.xcassets */,
				AE1266C81D5525E800819E90 /* LaunchScreen.storyboard */,
				AE1266CB1D5525E800819E90 /* Info.plist */,
				AE1266D11D55288B00819E90 /* LoginController.swift */,
			);
			path = FireBaseChatApp;
			sourceTree = "<group>";
		};
/* End PBXGroup section */

/* Begin PBXNativeTarget section */
		AE1266BB1D5525E800819E90 /* FireBaseChatApp */ = {
			isa = PBXNativeTarget;
			buildConfigurationList = AE1266CE1D5525E800819E90 /* Build configuration list for PBXNativeTarget "FireBaseChatApp" */;
			buildPhases = (
				AE1266B81D5525E800819E90 /* Sources */,
				AE1266B91D5525E800819E90 /* Frameworks */,
				AE1266BA1D5525E800819E90 /* Resources */,
			);
			buildRules = (
			);
			dependencies = (
			);
			name = FireBaseChatApp;
			productName = FireBaseChatApp;
			productReference = AE1266BC1D5525E800819E90 /* FireBaseChatApp.app */;
			productType = "com.apple.product-type.application";
		};
/* End PBXNativeTarget section */

/* Begin PBXProject section */
		AE1266B41D5525E800819E90 /* Project object */ = {
			isa = PBXProject;
			attributes = {
				LastSwiftUpdateCheck = 0730;
				LastUpgradeCheck = 0730;
				ORGANIZATIONNAME = xszhao;
				TargetAttributes = {
					AE1266BB1D5525E800819E90 = {
						CreatedOnToolsVersion = 7.3;
					};
				};
			};
			buildConfigurationList = AE1266B71D5525E800819E90 /* Build configuration list for PBXProject "FireBaseChatApp" */;
			compatibilityVersion = "Xcode 3.2";
			developmentRegion = English;
			hasScannedForEncodings = 0;
			knownRegions = (
				en,
				Base,
			);
			mainGroup = AE1266B31D5525E800819E90;
			productRefGroup = AE1266BD1D5525E800819E90 /* Products */;
			projectDirPath = "";
			projectRoot = "";
			targets = (
				AE1266BB1D5525E800819E90 /* FireBaseChatApp */,
			);
		};
/* End PBXProject section */

/* Begin PBXResourcesBuildPhase section */
		AE1266BA1D5525E800819E90 /* Resources */ = {
			isa = PBXResourcesBuildPhase;
			buildActionMask = 2147483647;
			files = (
				AE1266CA1D5525E800819E90 /* LaunchScreen.storyboard in Resources */,
				AE1266C71D5525E800819E90 /* Assets.xcassets in Resources */,
			);
			runOnlyForDeploymentPostprocessing = 0;
		};
/* End PBXResourcesBuildPhase section */

/* Begin PBXSourcesBuildPhase section */
		AE1266B81D5525E800819E90 /* Sources */ = {
			isa = PBXSourcesBuildPhase;
			buildActionMask = 2147483647;
			files = (
				AE1266C21D5525E800819E90 /* ViewController.swift in Sources */,
				AE1266D21D55288B00819E90 /* LoginController.swift in Sources */,
				AE1266C01D5525E800819E90 /* AppDelegate.swift in Sources */,
			);
			runOnlyForDeploymentPostprocessing = 0;
		};
/* End PBXSourcesBuildPhase section */

/* Begin PBXVariantGroup section */
		AE1266C81D5525E800819E90 /* LaunchScreen.storyboard */ = {
			isa = PBXVariantGroup;
			children = (
				AE1266C91D5525E800819E90 /* Base */,
			);
			name = LaunchScreen.storyboard;
			sourceTree = "<group>";
		};
/* End PBXVariantGroup section */

/* Begin XCBuildConfiguration section */
		AE1266CC1D5525E800819E90 /* Debug */ = {
			isa = XCBuildConfiguration;
			buildSettings = {
				ALWAYS_SEARCH_USER_PATHS = NO;
				CLANG_ANALYZER_NONNULL = YES;
				CLANG_CXX_LANGUAGE_STANDARD = "gnu++0x";
				CLANG_CXX_LIBRARY = "libc++";
				CLANG_ENABLE_MODULES = YES;
				CLANG_ENABLE_OBJC_ARC = YES;
				CLANG_WARN_BOOL_CONVERSION = YES;
				CLANG_WARN_CONSTANT_CONVERSION = YES;
				CLANG_WARN_DIRECT_OBJC_ISA_USAGE = YES_ERROR;
				CLANG_WARN_EMPTY_BODY = YES;
				CLANG_WARN_ENUM_CONVERSION = YES;
				CLANG_WARN_INT_CONVERSION = YES;
				CLANG_WARN_OBJC_ROOT_CLASS = YES_ERROR;
				CLANG_WARN_UNREACHABLE_CODE = YES;
				CLANG_WARN__DUPLICATE_METHOD_MATCH = YES;
				"CODE_SIGN_IDENTITY[sdk=iphoneos*]" = "iPhone Developer";
				COPY_PHASE_STRIP = NO;
				DEBUG_INFORMATION_FORMAT = dwarf;
				ENABLE_STRICT_OBJC_MSGSEND = YES;
				ENABLE_TESTABILITY = YES;
				GCC_C_LANGUAGE_STANDARD = gnu99;
				GCC_DYNAMIC_NO_PIC = NO;
				GCC_NO_COMMON_BLOCKS = YES;
				GCC_OPTIMIZATION_LEVEL = 0;
				GCC_PREPROCESSOR_DEFINITIONS = (
					"DEBUG=1",
					"$(inherited)",
				);
				GCC_WARN_64_TO_32_BIT_CONVERSION = YES;
				GCC_WARN_ABOUT_RETURN_TYPE = YES_ERROR;
				GCC_WARN_UNDECLARED_SELECTOR = YES;
				GCC_WARN_UNINITIALIZED_AUTOS = YES_AGGRESSIVE;
				GCC_WARN_UNUSED_FUNCTION = YES;
				GCC_WARN_UNUSED_VARIABLE = YES;
				IPHONEOS_DEPLOYMENT_TARGET = 9.3;
				MTL_ENABLE_DEBUG_INFO = YES;
				ONLY_ACTIVE_ARCH = YES;
				SDKROOT = iphoneos;
				SWIFT_OPTIMIZATION_LEVEL = "-Onone";
				TARGETED_DEVICE_FAMILY = "1,2";
			};
			name = Debug;
		};
		AE1266CD1D5525E800819E90 /* Release */ = {
			isa = XCBuildConfiguration;
			buildSettings = {
				ALWAYS_SEARCH_USER_PATHS = NO;
				CLANG_ANALYZER_NONNULL = YES;
				CLANG_CXX_LANGUAGE_STANDARD = "gnu++0x";
				CLANG_CXX_LIBRARY = "libc++";
				CLANG_ENABLE_MODULES = YES;
				CLANG_ENABLE_OBJC_ARC = YES;
				CLANG_WARN_BOOL_CONVERSION = YES;
				CLANG_WARN_CONSTANT_CONVERSION = YES;
				CLANG_WARN_DIRECT_OBJC_ISA_USAGE = YES_ERROR;
				CLANG_WARN_EMPTY_BODY = YES;
				CLANG_WARN_ENUM_CONVERSION = YES;
				CLANG_WARN_INT_CONVERSION = YES;
				CLANG_WARN_OBJC_ROOT_CLASS = YES_ERROR;
				CLANG_WARN_UNREACHABLE_CODE = YES;
				CLANG_WARN__DUPLICATE_METHOD_MATCH = YES;
				"CODE_SIGN_IDENTITY[sdk=iphoneos*]" = "iPhone Developer";
				COPY_PHASE_STRIP = NO;
				DEBUG_INFORMATION_FORMAT = "dwarf-with-dsym";
				ENABLE_NS_ASSERTIONS = NO;
				ENABLE_STRICT_OBJC_MSGSEND = YES;
				GCC_C_LANGUAGE_STANDARD = gnu99;
				GCC_NO_COMMON_BLOCKS = YES;
				GCC_WARN_64_TO_32_BIT_CONVERSION = YES;
				GCC_WARN_ABOUT_RETURN_TYPE = YES_ERROR;
				GCC_WARN_UNDECLARED_SELECTOR = YES;
				GCC_WARN_UNINITIALIZED_AUTOS = YES_AGGRESSIVE;
				GCC_WARN_UNUSED_FUNCTION = YES;
				GCC_WARN_UNUSED_VARIABLE = YES;
				IPHONEOS_DEPLOYMENT_TARGET = 9.3;
				MTL_ENABLE_DEBUG_INFO = NO;
				SDKROOT = iphoneos;
				TARGETED_DEVICE_FAMILY = "1,2";
				VALIDATE_PRODUCT = YES;
			};
			name = Release;
		};
		AE1266CF1D5525E800819E90 /* Debug */ = {
			isa = XCBuildConfiguration;
			buildSettings = {
				ASSETCATALOG_COMPILER_APPICON_NAME = AppIcon;
				INFOPLIST_FILE = FireBaseChatApp/Info.plist;
				LD_RUNPATH_SEARCH_PATHS = "$(inherited) @executable_path/Frameworks";
				PRODUCT_BUNDLE_IDENTIFIER = test.FireBaseChatApp;
				PRODUCT_NAME = "$(TARGET_NAME)";
			};
			name = Debug;
		};
		AE1266D01D5525E800819E90 /* Release */ = {
			isa = XCBuildConfiguration;
			buildSettings = {
				ASSETCATALOG_COMPILER_APPICON_NAME = AppIcon;
				INFOPLIST_FILE = FireBaseChatApp/Info.plist;
				LD_RUNPATH_SEARCH_PATHS = "$(inherited) @executable_path/Frameworks";
				PRODUCT_BUNDLE_IDENTIFIER = test.FireBaseChatApp;
				PRODUCT_NAME = "$(TARGET_NAME)";
			};
			name = Release;
		};
/* End XCBuildConfiguration section */

/* Begin XCConfigurationList section */
		AE1266B71D5525E800819E90 /* Build configuration list for PBXProject "FireBaseChatApp" */ = {
			isa = XCConfigurationList;
			buildConfigurations = (
				AE1266CC1D5525E800819E90 /* Debug */,
				AE1266CD1D5525E800819E90 /* Release */,
			);
			defaultConfigurationIsVisible = 0;
			defaultConfigurationName = Release;
		};
		AE1266CE1D5525E800819E90 /* Build configuration list for PBXNativeTarget "FireBaseChatApp" */ = {
			isa = XCConfigurationList;
			buildConfigurations = (
				AE1266CF1D5525E800819E90 /* Debug */,
				AE1266D01D5525E800819E90 /* Release */,
			);
			defaultConfigurationIsVisible = 0;
		};
/* End XCConfigurationList section */
	};
	rootObject = AE1266B41D5525E800819E90 /* Project object */;
}
